<?xml version="1.0" encoding="utf-8"?>
<Project ToolsVersion="4.0" xmlns="http://schemas.microsoft.com/developer/msbuild/2003">
  <ItemGroup>
    <Filter Include="소스 파일">
      <UniqueIdentifier>{4FC737F1-C7A5-4376-A066-2A32D752A2FF}</UniqueIdentifier>
      <Extensions>cpp;c;cc;cxx;def;odl;idl;hpj;bat;asm;asmx</Extensions>
    </Filter>
    <Filter Include="헤더 파일">
      <UniqueIdentifier>{93995380-89BD-4b04-88EB-625FBE52EBFB}</UniqueIdentifier>
      <Extensions>h;hh;hpp;hxx;hm;inl;inc;ipp;xsd</Extensions>
    </Filter>
    <Filter Include="리소스 파일">
      <UniqueIdentifier>{67DA6AB6-F800-4c08-8B7A-83BB121AAD01}</UniqueIdentifier>
      <Extensions>rc;ico;cur;bmp;dlg;rc2;rct;bin;rgs;gif;jpg;jpeg;jpe;resx;tiff;tif;png;wav;mfcribbon-ms</Extensions>
    </Filter>
    <Filter Include="소스 파일\메니저">
      <UniqueIdentifier>{b9295508-e7ee-4d5c-b499-ae02b4849609}</UniqueIdentifier>
    </Filter>
    <Filter Include="소스 파일\게임화면">
      <UniqueIdentifier>{88991b9b-b75d-4040-a792-a482f4a77415}</UniqueIdentifier>
    </Filter>
    <Filter Include="소스 파일\게임화면\화면기본">
      <UniqueIdentifier>{32710f74-1aac-4936-b770-02236b920128}</UniqueIdentifier>
    </Filter>
    <Filter Include="소스 파일\유닛">
      <UniqueIdentifier>{a4998ab0-e6ca-464c-a0bf-790587eb10ca}</UniqueIdentifier>
    </Filter>
    <Filter Include="소스 파일\유닛\기본">
      <UniqueIdentifier>{877f0c38-b91c-4b03-b876-b445bbd8407a}</UniqueIdentifier>
    </Filter>
    <Filter Include="소스 파일\오브젝트">
      <UniqueIdentifier>{0f1222d5-632f-4ae7-a38b-7da66dd3cf82}</UniqueIdentifier>
    </Filter>
    <Filter Include="소스 파일\오브젝트\기본">
      <UniqueIdentifier>{0001b24f-8769-4eb5-8bac-f449b75bdab8}</UniqueIdentifier>
    </Filter>
    <Filter Include="소스 파일\메니저\퀘스트">
      <UniqueIdentifier>{ba4b57e1-db45-4c4e-8697-243ccc472610}</UniqueIdentifier>
    </Filter>
    <Filter Include="소스 파일\메니저\퀘스트\기본">
      <UniqueIdentifier>{d71f63b4-479a-46ff-9d2f-82f693d97a42}</UniqueIdentifier>
    </Filter>
  </ItemGroup>
  <ItemGroup>
    <ClCompile Include="20210304_practice2.cpp">
      <Filter>소스 파일</Filter>
    </ClCompile>
    <ClCompile Include="stdafx.cpp">
      <Filter>소스 파일</Filter>
    </ClCompile>
    <ClCompile Include="KeyManager.cpp">
      <Filter>소스 파일\메니저</Filter>
    </ClCompile>
    <ClCompile Include="FileManager.cpp">
      <Filter>소스 파일\메니저</Filter>
    </ClCompile>
    <ClCompile Include="MonsterTable.cpp">
      <Filter>소스 파일\메니저</Filter>
    </ClCompile>
    <ClCompile Include="StepHero.cpp">
      <Filter>소스 파일</Filter>
    </ClCompile>
    <ClCompile Include="DungeonTemplate.cpp">
      <Filter>소스 파일\메니저</Filter>
    </ClCompile>
    <ClCompile Include="TextViewManager.cpp">
      <Filter>소스 파일\메니저</Filter>
    </ClCompile>
    <ClCompile Include="GameTitle.cpp">
      <Filter>소스 파일\게임화면</Filter>
    </ClCompile>
    <ClCompile Include="GameData.cpp">
      <Filter>소스 파일\메니저</Filter>
    </ClCompile>
    <ClCompile Include="InGameDungeon.cpp">
      <Filter>소스 파일\게임화면</Filter>
    </ClCompile>
    <ClCompile Include="InGameBattle.cpp">
      <Filter>소스 파일\게임화면</Filter>
    </ClCompile>
    <ClCompile Include="TextRender.cpp">
      <Filter>소스 파일\메니저</Filter>
    </ClCompile>
    <ClCompile Include="Monster.cpp">
      <Filter>소스 파일\유닛</Filter>
    </ClCompile>
    <ClCompile Include="Hero.cpp">
      <Filter>소스 파일\유닛</Filter>
    </ClCompile>
    <ClCompile Include="Shop.cpp">
      <Filter>소스 파일\오브젝트</Filter>
    </ClCompile>
    <ClCompile Include="Dungeon.cpp">
      <Filter>소스 파일\오브젝트</Filter>
    </ClCompile>
    <ClCompile Include="GameOver.cpp">
      <Filter>소스 파일\게임화면</Filter>
    </ClCompile>
    <ClCompile Include="GameEnding.cpp">
      <Filter>소스 파일\게임화면</Filter>
    </ClCompile>
    <ClCompile Include="GeneralShop.cpp">
      <Filter>소스 파일\게임화면</Filter>
    </ClCompile>
    <ClCompile Include="GameEscape.cpp">
      <Filter>소스 파일\게임화면</Filter>
    </ClCompile>
    <ClCompile Include="QuestManager.cpp">
      <Filter>소스 파일\메니저\퀘스트</Filter>
    </ClCompile>
    <ClCompile Include="HuntQuest.cpp">
      <Filter>소스 파일\메니저\퀘스트</Filter>
    </ClCompile>
    <ClCompile Include="Quest.cpp">
      <Filter>소스 파일\메니저\퀘스트\기본</Filter>
    </ClCompile>
  </ItemGroup>
  <ItemGroup>
    <ClInclude Include="stdafx.h">
      <Filter>헤더 파일</Filter>
    </ClInclude>
    <ClInclude Include="FileManager.h">
      <Filter>소스 파일\메니저</Filter>
    </ClInclude>
    <ClInclude Include="KeyManager.h">
      <Filter>소스 파일\메니저</Filter>
    </ClInclude>
    <ClInclude Include="MonsterTable.h">
      <Filter>소스 파일\메니저</Filter>
    </ClInclude>
    <ClInclude Include="StepHero.h">
      <Filter>헤더 파일</Filter>
    </ClInclude>
    <ClInclude Include="DungeonTemplate.h">
      <Filter>소스 파일\메니저</Filter>
    </ClInclude>
    <ClInclude Include="TextViewManager.h">
      <Filter>소스 파일\메니저</Filter>
    </ClInclude>
    <ClInclude Include="TextView.h">
      <Filter>소스 파일\게임화면\화면기본</Filter>
    </ClInclude>
    <ClInclude Include="GameTitle.h">
      <Filter>소스 파일\게임화면</Filter>
    </ClInclude>
    <ClInclude Include="GameData.h">
      <Filter>소스 파일\메니저</Filter>
    </ClInclude>
    <ClInclude Include="InGameDungeon.h">
      <Filter>소스 파일\게임화면</Filter>
    </ClInclude>
    <ClInclude Include="InGameBattle.h">
      <Filter>소스 파일\게임화면</Filter>
    </ClInclude>
    <ClInclude Include="TextRender.h">
      <Filter>소스 파일\메니저</Filter>
    </ClInclude>
    <ClInclude Include="Monster.h">
      <Filter>소스 파일\유닛</Filter>
    </ClInclude>
    <ClInclude Include="Hero.h">
      <Filter>소스 파일\유닛</Filter>
    </ClInclude>
    <ClInclude Include="Unit.h">
      <Filter>소스 파일\유닛\기본</Filter>
    </ClInclude>
    <ClInclude Include="Shop.h">
      <Filter>소스 파일\오브젝트</Filter>
    </ClInclude>
    <ClInclude Include="Dungeon.h">
      <Filter>소스 파일\오브젝트</Filter>
    </ClInclude>
    <ClInclude Include="GameOver.h">
      <Filter>소스 파일\게임화면</Filter>
    </ClInclude>
    <ClInclude Include="GameEnding.h">
      <Filter>소스 파일\게임화면</Filter>
    </ClInclude>
    <ClInclude Include="GeneralShop.h">
      <Filter>소스 파일\게임화면</Filter>
    </ClInclude>
    <ClInclude Include="GameEscape.h">
      <Filter>소스 파일\게임화면</Filter>
    </ClInclude>
    <ClInclude Include="QuestManager.h">
      <Filter>소스 파일\메니저\퀘스트</Filter>
    </ClInclude>
    <ClInclude Include="HuntQuest.h">
      <Filter>소스 파일\메니저\퀘스트</Filter>
    </ClInclude>
    <ClInclude Include="Quest.h">
      <Filter>소스 파일\메니저\퀘스트\기본</Filter>
    </ClInclude>
  </ItemGroup>
</Project>